// !$*UTF8*$!
{
	archiveVersion = 1;
	classes = {
	};
	objectVersion = 56;
	objects = {

/* Begin PBXBuildFile section */
		1DCC92A5CDBE5DAAAD2D5B4D /* Pods_HybridTest.framework in Frameworks */ = {isa = PBXBuildFile; fileRef = F5611634B6C76FAF062F85B9 /* Pods_HybridTest.framework */; };
		9C88341629C0152900FF8D8D /* AppDelegate.swift in Sources */ = {isa = PBXBuildFile; fileRef = 9C88341529C0152900FF8D8D /* AppDelegate.swift */; };
		9C88341829C0152900FF8D8D /* SceneDelegate.swift in Sources */ = {isa = PBXBuildFile; fileRef = 9C88341729C0152900FF8D8D /* SceneDelegate.swift */; };
		9C88341A29C0152900FF8D8D /* ViewController.swift in Sources */ = {isa = PBXBuildFile; fileRef = 9C88341929C0152900FF8D8D /* ViewController.swift */; };
		9C88341F29C0152A00FF8D8D /* Assets.xcassets in Resources */ = {isa = PBXBuildFile; fileRef = 9C88341E29C0152A00FF8D8D /* Assets.xcassets */; };
		9C88342229C0152A00FF8D8D /* LaunchScreen.storyboard in Resources */ = {isa = PBXBuildFile; fileRef = 9C88342029C0152A00FF8D8D /* LaunchScreen.storyboard */; };
		9C88342A29C0441B00FF8D8D /* AdbrixJavascriptInterface.swift in Sources */ = {isa = PBXBuildFile; fileRef = 9C88342929C0441B00FF8D8D /* AdbrixJavascriptInterface.swift */; };
/* End PBXBuildFile section */

/* Begin PBXFileReference section */
		5B1804D76085E21735D551A9 /* Pods-HybridTest.release.xcconfig */ = {isa = PBXFileReference; includeInIndex = 1; lastKnownFileType = text.xcconfig; name = "Pods-HybridTest.release.xcconfig"; path = "Target Support Files/Pods-HybridTest/Pods-HybridTest.release.xcconfig"; sourceTree = "<group>"; };
		9C88341229C0152900FF8D8D /* HybridTest.app */ = {isa = PBXFileReference; explicitFileType = wrapper.application; includeInIndex = 0; path = HybridTest.app; sourceTree = BUILT_PRODUCTS_DIR; };
		9C88341529C0152900FF8D8D /* AppDelegate.swift */ = {isa = PBXFileReference; lastKnownFileType = sourcecode.swift; path = AppDelegate.swift; sourceTree = "<group>"; };
		9C88341729C0152900FF8D8D /* SceneDelegate.swift */ = {isa = PBXFileReference; lastKnownFileType = sourcecode.swift; path = SceneDelegate.swift; sourceTree = "<group>"; };
		9C88341929C0152900FF8D8D /* ViewController.swift */ = {isa = PBXFileReference; lastKnownFileType = sourcecode.swift; path = ViewController.swift; sourceTree = "<group>"; };
		9C88341E29C0152A00FF8D8D /* Assets.xcassets */ = {isa = PBXFileReference; lastKnownFileType = folder.assetcatalog; path = Assets.xcassets; sourceTree = "<group>"; };
		9C88342129C0152A00FF8D8D /* Base */ = {isa = PBXFileReference; lastKnownFileType = file.storyboard; name = Base; path = Base.lproj/LaunchScreen.storyboard; sourceTree = "<group>"; };
		9C88342329C0152A00FF8D8D /* Info.plist */ = {isa = PBXFileReference; lastKnownFileType = text.plist.xml; path = Info.plist; sourceTree = "<group>"; };
		9C88342929C0441B00FF8D8D /* AdbrixJavascriptInterface.swift */ = {isa = PBXFileReference; lastKnownFileType = sourcecode.swift; path = AdbrixJavascriptInterface.swift; sourceTree = "<group>"; };
		F3564AE76FD76A260BE746CD /* Pods-HybridTest.debug.xcconfig */ = {isa = PBXFileReference; includeInIndex = 1; lastKnownFileType = text.xcconfig; name = "Pods-HybridTest.debug.xcconfig"; path = "Target Support Files/Pods-HybridTest/Pods-HybridTest.debug.xcconfig"; sourceTree = "<group>"; };
		F5611634B6C76FAF062F85B9 /* Pods_HybridTest.framework */ = {isa = PBXFileReference; explicitFileType = wrapper.framework; includeInIndex = 0; path = Pods_HybridTest.framework; sourceTree = BUILT_PRODUCTS_DIR; };
/* End PBXFileReference section */

/* Begin PBXFrameworksBuildPhase section */
		9C88340F29C0152900FF8D8D /* Frameworks */ = {
			isa = PBXFrameworksBuildPhase;
			buildActionMask = 2147483647;
			files = (
				1DCC92A5CDBE5DAAAD2D5B4D /* Pods_HybridTest.framework in Frameworks */,
			);
			runOnlyForDeploymentPostprocessing = 0;
		};
/* End PBXFrameworksBuildPhase section */

/* Begin PBXGroup section */
		6E1DA4F6A87EFE35B8B727AF /* Frameworks */ = {
			isa = PBXGroup;
			children = (
				F5611634B6C76FAF062F85B9 /* Pods_HybridTest.framework */,
			);
			name = Frameworks;
			sourceTree = "<group>";
		};
		81FA4CA50928F6BA317A5F33 /* Pods */ = {
			isa = PBXGroup;
			children = (
				F3564AE76FD76A260BE746CD /* Pods-HybridTest.debug.xcconfig */,
				5B1804D76085E21735D551A9 /* Pods-HybridTest.release.xcconfig */,
			);
			path = Pods;
			sourceTree = "<group>";
		};
		9C88340929C0152900FF8D8D = {
			isa = PBXGroup;
			children = (
				9C88341429C0152900FF8D8D /* HybridTest */,
				9C88341329C0152900FF8D8D /* Products */,
				81FA4CA50928F6BA317A5F33 /* Pods */,
				6E1DA4F6A87EFE35B8B727AF /* Frameworks */,
			);
			sourceTree = "<group>";
		};
		9C88341329C0152900FF8D8D /* Products */ = {
			isa = PBXGroup;
			children = (
				9C88341229C0152900FF8D8D /* HybridTest.app */,
			);
			name = Products;
			sourceTree = "<group>";
		};
		9C88341429C0152900FF8D8D /* HybridTest */ = {
			isa = PBXGroup;
			children = (
				9C88341529C0152900FF8D8D /* AppDelegate.swift */,
				9C88341729C0152900FF8D8D /* SceneDelegate.swift */,
				9C88341929C0152900FF8D8D /* ViewController.swift */,
				9C88342929C0441B00FF8D8D /* AdbrixJavascriptInterface.swift */,
				9C88341E29C0152A00FF8D8D /* Assets.xcassets */,
				9C88342029C0152A00FF8D8D /* LaunchScreen.storyboard */,
				9C88342329C0152A00FF8D8D /* Info.plist */,
			);
			path = HybridTest;
			sourceTree = "<group>";
		};
/* End PBXGroup section */

/* Begin PBXNativeTarget section */
		9C88341129C0152900FF8D8D /* HybridTest */ = {
			isa = PBXNativeTarget;
			buildConfigurationList = 9C88342629C0152A00FF8D8D /* Build configuration list for PBXNativeTarget "HybridTest" */;
			buildPhases = (
				B01BBFF65A101F4B68C537B6 /* [CP] Check Pods Manifest.lock */,
				9C88340E29C0152900FF8D8D /* Sources */,
				9C88340F29C0152900FF8D8D /* Frameworks */,
				9C88341029C0152900FF8D8D /* Resources */,
				E4C6BF0A7C3B5E3422FF77F7 /* [CP] Embed Pods Frameworks */,
			);
			buildRules = (
			);
			dependencies = (
			);
			name = HybridTest;
			productName = HybridTest;
			productReference = 9C88341229C0152900FF8D8D /* HybridTest.app */;
			productType = "com.apple.product-type.application";
		};
/* End PBXNativeTarget section */

/* Begin PBXProject section */
		9C88340A29C0152900FF8D8D /* Project object */ = {
			isa = PBXProject;
			attributes = {
				BuildIndependentTargetsInParallel = 1;
				LastSwiftUpdateCheck = 1410;
				LastUpgradeCheck = 1410;
				TargetAttributes = {
					9C88341129C0152900FF8D8D = {
						CreatedOnToolsVersion = 14.1;
					};
				};
			};
			buildConfigurationList = 9C88340D29C0152900FF8D8D /* Build configuration list for PBXProject "HybridTest" */;
			compatibilityVersion = "Xcode 14.0";
			developmentRegion = en;
			hasScannedForEncodings = 0;
			knownRegions = (
				en,
				Base,
			);
			mainGroup = 9C88340929C0152900FF8D8D;
			productRefGroup = 9C88341329C0152900FF8D8D /* Products */;
			projectDirPath = "";
			projectRoot = "";
			targets = (
				9C88341129C0152900FF8D8D /* HybridTest */,
			);
		};
/* End PBXProject section */

/* Begin PBXResourcesBuildPhase section */
		9C88341029C0152900FF8D8D /* Resources */ = {
			isa = PBXResourcesBuildPhase;
			buildActionMask = 2147483647;
			files = (
				9C88342229C0152A00FF8D8D /* LaunchScreen.storyboard in Resources */,
				9C88341F29C0152A00FF8D8D /* Assets.xcassets in Resources */,
			);
			runOnlyForDeploymentPostprocessing = 0;
		};
/* End PBXResourcesBuildPhase section */

/* Begin PBXShellScriptBuildPhase section */
		B01BBFF65A101F4B68C537B6 /* [CP] Check Pods Manifest.lock */ = {
			isa = PBXShellScriptBuildPhase;
			buildActionMask = 2147483647;
			files = (
			);
			inputFileListPaths = (
			);
			inputPaths = (
				"${PODS_PODFILE_DIR_PATH}/Podfile.lock",
				"${PODS_ROOT}/Manifest.lock",
			);
			name = "[CP] Check Pods Manifest.lock";
			outputFileListPaths = (
			);
			outputPaths = (
				"$(DERIVED_FILE_DIR)/Pods-HybridTest-checkManifestLockResult.txt",
			);
			runOnlyForDeploymentPostprocessing = 0;
			shellPath = /bin/sh;
			shellScript = "diff \"${PODS_PODFILE_DIR_PATH}/Podfile.lock\" \"${PODS_ROOT}/Manifest.lock\" > /dev/null\nif [ $? != 0 ] ; then\n    # print error to STDERR\n    echo \"error: The sandbox is not in sync with the Podfile.lock. Run 'pod install' or update your CocoaPods installation.\" >&2\n    exit 1\nfi\n# This output is used by Xcode 'outputs' to avoid re-running this script phase.\necho \"SUCCESS\" > \"${SCRIPT_OUTPUT_FILE_0}\"\n";
			showEnvVarsInLog = 0;
		};
		E4C6BF0A7C3B5E3422FF77F7 /* [CP] Embed Pods Frameworks */ = {
			isa = PBXShellScriptBuildPhase;
			buildActionMask = 2147483647;
			files = (
			);
			inputFileListPaths = (
				"${PODS_ROOT}/Target Support Files/Pods-HybridTest/Pods-HybridTest-frameworks-${CONFIGURATION}-input-files.xcfilelist",
			);
			name = "[CP] Embed Pods Frameworks";
			outputFileListPaths = (
				"${PODS_ROOT}/Target Support Files/Pods-HybridTest/Pods-HybridTest-frameworks-${CONFIGURATION}-output-files.xcfilelist",
			);
			runOnlyForDeploymentPostprocessing = 0;
			shellPath = /bin/sh;
			shellScript = "\"${PODS_ROOT}/Target Support Files/Pods-HybridTest/Pods-HybridTest-frameworks.sh\"\n";
			showEnvVarsInLog = 0;
		};
/* End PBXShellScriptBuildPhase section */

/* Begin PBXSourcesBuildPhase section */
		9C88340E29C0152900FF8D8D /* Sources */ = {
			isa = PBXSourcesBuildPhase;
			buildActionMask = 2147483647;
			files = (
				9C88341A29C0152900FF8D8D /* ViewController.swift in Sources */,
				9C88342A29C0441B00FF8D8D /* AdbrixJavascriptInterface.swift in Sources */,
				9C88341629C0152900FF8D8D /* AppDelegate.swift in Sources */,
				9C88341829C0152900FF8D8D /* SceneDelegate.swift in Sources */,
			);
			runOnlyForDeploymentPostprocessing = 0;
		};
/* End PBXSourcesBuildPhase section */

/* Begin PBXVariantGroup section */
		9C88342029C0152A00FF8D8D /* LaunchScreen.storyboard */ = {
			isa = PBXVariantGroup;
			children = (
				9C88342129C0152A00FF8D8D /* Base */,
			);
			name = LaunchScreen.storyboard;
			sourceTree = "<group>";
		};
/* End PBXVariantGroup section */

/* Begin XCBuildConfiguration section */
		9C88342429C0152A00FF8D8D /* Debug */ = {
			isa = XCBuildConfiguration;
			buildSettings = {
				ALWAYS_SEARCH_USER_PATHS = NO;
				CLANG_ANALYZER_NONNULL = YES;
				CLANG_ANALYZER_NUMBER_OBJECT_CONVERSION = YES_AGGRESSIVE;
				CLANG_CXX_LANGUAGE_STANDARD = "gnu++20";
				CLANG_ENABLE_MODULES = YES;
				CLANG_ENABLE_OBJC_ARC = YES;
				CLANG_ENABLE_OBJC_WEAK = YES;
				CLANG_WARN_BLOCK_CAPTURE_AUTORELEASING = YES;
				CLANG_WARN_BOOL_CONVERSION = YES;
				CLANG_WARN_COMMA = YES;
				CLANG_WARN_CONSTANT_CONVERSION = YES;
				CLANG_WARN_DEPRECATED_OBJC_IMPLEMENTATIONS = YES;
				CLANG_WARN_DIRECT_OBJC_ISA_USAGE = YES_ERROR;
				CLANG_WARN_DOCUMENTATION_COMMENTS = YES;
				CLANG_WARN_EMPTY_BODY = YES;
				CLANG_WARN_ENUM_CONVERSION = YES;
				CLANG_WARN_INFINITE_RECURSION = YES;
				CLANG_WARN_INT_CONVERSION = YES;
				CLANG_WARN_NON_LITERAL_NULL_CONVERSION = YES;
				CLANG_WARN_OBJC_IMPLICIT_RETAIN_SELF = YES;
				CLANG_WARN_OBJC_LITERAL_CONVERSION = YES;
				CLANG_WARN_OBJC_ROOT_CLASS = YES_ERROR;
				CLANG_WARN_QUOTED_INCLUDE_IN_FRAMEWORK_HEADER = YES;
				CLANG_WARN_RANGE_LOOP_ANALYSIS = YES;
				CLANG_WARN_STRICT_PROTOTYPES = YES;
				CLANG_WARN_SUSPICIOUS_MOVE = YES;
				CLANG_WARN_UNGUARDED_AVAILABILITY = YES_AGGRESSIVE;
				CLANG_WARN_UNREACHABLE_CODE = YES;
				CLANG_WARN__DUPLICATE_METHOD_MATCH = YES;
				COPY_PHASE_STRIP = NO;
				DEBUG_INFORMATION_FORMAT = dwarf;
				ENABLE_STRICT_OBJC_MSGSEND = YES;
				ENABLE_TESTABILITY = YES;
				GCC_C_LANGUAGE_STANDARD = gnu11;
				GCC_DYNAMIC_NO_PIC = NO;
				GCC_NO_COMMON_BLOCKS = YES;
				GCC_OPTIMIZATION_LEVEL = 0;
				GCC_PREPROCESSOR_DEFINITIONS = (
					"DEBUG=1",
					"$(inherited)",
				);
				GCC_WARN_64_TO_32_BIT_CONVERSION = YES;
				GCC_WARN_ABOUT_RETURN_TYPE = YES_ERROR;
				GCC_WARN_UNDECLARED_SELECTOR = YES;
				GCC_WARN_UNINITIALIZED_AUTOS = YES_AGGRESSIVE;
				GCC_WARN_UNUSED_FUNCTION = YES;
				GCC_WARN_UNUSED_VARIABLE = YES;
				IPHONEOS_DEPLOYMENT_TARGET = 16.1;
				MTL_ENABLE_DEBUG_INFO = INCLUDE_SOURCE;
				MTL_FAST_MATH = YES;
				ONLY_ACTIVE_ARCH = YES;
				SDKROOT = iphoneos;
				SWIFT_ACTIVE_COMPILATION_CONDITIONS = DEBUG;
				SWIFT_OPTIMIZATION_LEVEL = "-Onone";
			};
			name = Debug;
		};
		9C88342529C0152A00FF8D8D /* Release */ = {
			isa = XCBuildConfiguration;
			buildSettings = {
				ALWAYS_SEARCH_USER_PATHS = NO;
				CLANG_ANALYZER_NONNULL = YES;
				CLANG_ANALYZER_NUMBER_OBJECT_CONVERSION = YES_AGGRESSIVE;
				CLANG_CXX_LANGUAGE_STANDARD = "gnu++20";
				CLANG_ENABLE_MODULES = YES;
				CLANG_ENABLE_OBJC_ARC = YES;
				CLANG_ENABLE_OBJC_WEAK = YES;
				CLANG_WARN_BLOCK_CAPTURE_AUTORELEASING = YES;
				CLANG_WARN_BOOL_CONVERSION = YES;
				CLANG_WARN_COMMA = YES;
				CLANG_WARN_CONSTANT_CONVERSION = YES;
				CLANG_WARN_DEPRECATED_OBJC_IMPLEMENTATIONS = YES;
				CLANG_WARN_DIRECT_OBJC_ISA_USAGE = YES_ERROR;
				CLANG_WARN_DOCUMENTATION_COMMENTS = YES;
				CLANG_WARN_EMPTY_BODY = YES;
				CLANG_WARN_ENUM_CONVERSION = YES;
				CLANG_WARN_INFINITE_RECURSION = YES;
				CLANG_WARN_INT_CONVERSION = YES;
				CLANG_WARN_NON_LITERAL_NULL_CONVERSION = YES;
				CLANG_WARN_OBJC_IMPLICIT_RETAIN_SELF = YES;
				CLANG_WARN_OBJC_LITERAL_CONVERSION = YES;
				CLANG_WARN_OBJC_ROOT_CLASS = YES_ERROR;
				CLANG_WARN_QUOTED_INCLUDE_IN_FRAMEWORK_HEADER = YES;
				CLANG_WARN_RANGE_LOOP_ANALYSIS = YES;
				CLANG_WARN_STRICT_PROTOTYPES = YES;
				CLANG_WARN_SUSPICIOUS_MOVE = YES;
				CLANG_WARN_UNGUARDED_AVAILABILITY = YES_AGGRESSIVE;
				CLANG_WARN_UNREACHABLE_CODE = YES;
				CLANG_WARN__DUPLICATE_METHOD_MATCH = YES;
				COPY_PHASE_STRIP = NO;
				DEBUG_INFORMATION_FORMAT = "dwarf-with-dsym";
				ENABLE_NS_ASSERTIONS = NO;
				ENABLE_STRICT_OBJC_MSGSEND = YES;
				GCC_C_LANGUAGE_STANDARD = gnu11;
				GCC_NO_COMMON_BLOCKS = YES;
				GCC_WARN_64_TO_32_BIT_CONVERSION = YES;
				GCC_WARN_ABOUT_RETURN_TYPE = YES_ERROR;
				GCC_WARN_UNDECLARED_SELECTOR = YES;
				GCC_WARN_UNINITIALIZED_AUTOS = YES_AGGRESSIVE;
				GCC_WARN_UNUSED_FUNCTION = YES;
				GCC_WARN_UNUSED_VARIABLE = YES;
				IPHONEOS_DEPLOYMENT_TARGET = 16.1;
				MTL_ENABLE_DEBUG_INFO = NO;
				MTL_FAST_MATH = YES;
				SDKROOT = iphoneos;
				SWIFT_COMPILATION_MODE = wholemodule;
				SWIFT_OPTIMIZATION_LEVEL = "-O";
				VALIDATE_PRODUCT = YES;
			};
			name = Release;
		};
		9C88342729C0152A00FF8D8D /* Debug */ = {
			isa = XCBuildConfiguration;
			baseConfigurationReference = F3564AE76FD76A260BE746CD /* Pods-HybridTest.debug.xcconfig */;
			buildSettings = {
				ASSETCATALOG_COMPILER_APPICON_NAME = AppIcon;
				ASSETCATALOG_COMPILER_GLOBAL_ACCENT_COLOR_NAME = AccentColor;
				CODE_SIGN_STYLE = Automatic;
				CURRENT_PROJECT_VERSION = 1;
				DEVELOPMENT_TEAM = 6UFX7ZBPC3;
				GENERATE_INFOPLIST_FILE = YES;
				INFOPLIST_FILE = HybridTest/Info.plist;
				INFOPLIST_KEY_UIApplicationSupportsIndirectInputEvents = YES;
				INFOPLIST_KEY_UILaunchStoryboardName = LaunchScreen;
				INFOPLIST_KEY_UISupportedInterfaceOrientations_iPad = "UIInterfaceOrientationPortrait UIInterfaceOrientationPortraitUpsideDown UIInterfaceOrientationLandscapeLeft UIInterfaceOrientationLandscapeRight";
				INFOPLIST_KEY_UISupportedInterfaceOrientations_iPhone = "UIInterfaceOrientationPortrait UIInterfaceOrientationLandscapeLeft UIInterfaceOrientationLandscapeRight";
				LD_RUNPATH_SEARCH_PATHS = (
					"$(inherited)",
					"@executable_path/Frameworks",
				);
				MARKETING_VERSION = 1.0;
				PRODUCT_BUNDLE_IDENTIFIER = com.sehun.HybridTest;
				PRODUCT_NAME = "$(TARGET_NAME)";
				SWIFT_EMIT_LOC_STRINGS = YES;
				SWIFT_VERSION = 5.0;
				TARGETED_DEVICE_FAMILY = "1,2";
			};
			name = Debug;
		};
		9C88342829C0152A00FF8D8D /* Release */ = {
			isa = XCBuildConfiguration;
			baseConfigurationReference = 5B1804D76085E21735D551A9 /* Pods-HybridTest.release.xcconfig */;
			buildSettings = {
				ASSETCATALOG_COMPILER_APPICON_NAME = AppIcon;
				ASSETCATALOG_COMPILER_GLOBAL_ACCENT_COLOR_NAME = AccentColor;
				CODE_SIGN_STYLE = Automatic;
				CURRENT_PROJECT_VERSION = 1;
				DEVELOPMENT_TEAM = 6UFX7ZBPC3;
				GENERATE_INFOPLIST_FILE = YES;
				INFOPLIST_FILE = HybridTest/Info.plist;
				INFOPLIST_KEY_UIApplicationSupportsIndirectInputEvents = YES;
				INFOPLIST_KEY_UILaunchStoryboardName = LaunchScreen;
				INFOPLIST_KEY_UISupportedInterfaceOrientations_iPad = "UIInterfaceOrientationPortrait UIInterfaceOrientationPortraitUpsideDown UIInterfaceOrientationLandscapeLeft UIInterfaceOrientationLandscapeRight";
				INFOPLIST_KEY_UISupportedInterfaceOrientations_iPhone = "UIInterfaceOrientationPortrait UIInterfaceOrientationLandscapeLeft UIInterfaceOrientationLandscapeRight";
				LD_RUNPATH_SEARCH_PATHS = (
					"$(inherited)",
					"@executable_path/Frameworks",
				);
				MARKETING_VERSION = 1.0;
				PRODUCT_BUNDLE_IDENTIFIER = com.sehun.HybridTest;
				PRODUCT_NAME = "$(TARGET_NAME)";
				SWIFT_EMIT_LOC_STRINGS = YES;
				SWIFT_VERSION = 5.0;
				TARGETED_DEVICE_FAMILY = "1,2";
			};
			name = Release;
		};
/* End XCBuildConfiguration section */

/* Begin XCConfigurationList section */
		9C88340D29C0152900FF8D8D /* Build configuration list for PBXProject "HybridTest" */ = {
			isa = XCConfigurationList;
			buildConfigurations = (
				9C88342429C0152A00FF8D8D /* Debug */,
				9C88342529C0152A00FF8D8D /* Release */,
			);
			defaultConfigurationIsVisible = 0;
			defaultConfigurationName = Release;
		};
		9C88342629C0152A00FF8D8D /* Build configuration list for PBXNativeTarget "HybridTest" */ = {
			isa = XCConfigurationList;
			buildConfigurations = (
				9C88342729C0152A00FF8D8D /* Debug */,
				9C88342829C0152A00FF8D8D /* Release */,
			);
			defaultConfigurationIsVisible = 0;
			defaultConfigurationName = Release;
		};
/* End XCConfigurationList section */
	};
	rootObject = 9C88340A29C0152900FF8D8D /* Project object */;
}
